{
    "name": "mp-html 富文本组件【全端支持，可编辑】",
    "version": "v2.0.4",
    "lockfileVersion": 1,
    "requires": true,
    "dependencies": {
        "@dcloudio/uni-ui": {
            "version": "1.2.10",
            "resolved": "https://registry.npm.taobao.org/@dcloudio/uni-ui/download/@dcloudio/uni-ui-1.2.10.tgz",
            "integrity": "sha1-hl66vA3NyYZ0DmhMy2QOOrXKm2I="
        }
    }
}
